
Microsoft Visual Studio Solution File, Format Version 11.00
# Visual Studio 2010
Project("{FAE04EC0-301F-11D3-BF4B-00C04F79EFBC}") = "TryServiceStack", "TryServiceStack\TryServiceStack.csproj", "{ED3690FF-716F-4ADF-A594-6BDDC30E9838}"
EndProject
Project("{FAE04EC0-301F-11D3-BF4B-00C04F79EFBC}") = "SiteWithService", "SiteWithService\SiteWithService.csproj", "{071EB53A-8ED6-4CD0-9657-EAF6AB5B8CC4}"
EndProject
Project("{FAE04EC0-301F-11D3-BF4B-00C04F79EFBC}") = "ConsoleServiceClient", "ConsoleServiceClient\ConsoleServiceClient.csproj", "{2A92842C-72F4-4F8D-8174-EA8116FFE63C}"
EndProject
Global
	GlobalSection(SolutionConfigurationPlatforms) = preSolution
		Debug|Any CPU = Debug|Any CPU
		Release|Any CPU = Release|Any CPU
	EndGlobalSection
	GlobalSection(ProjectConfigurationPlatforms) = postSolution
		{071EB53A-8ED6-4CD0-9657-EAF6AB5B8CC4}.Debug|Any CPU.ActiveCfg = Debug|Any CPU
		{071EB53A-8ED6-4CD0-9657-EAF6AB5B8CC4}.Debug|Any CPU.Build.0 = Debug|Any CPU
		{071EB53A-8ED6-4CD0-9657-EAF6AB5B8CC4}.Release|Any CPU.ActiveCfg = Release|Any CPU
		{071EB53A-8ED6-4CD0-9657-EAF6AB5B8CC4}.Release|Any CPU.Build.0 = Release|Any CPU
		{2A92842C-72F4-4F8D-8174-EA8116FFE63C}.Debug|Any CPU.ActiveCfg = Debug|Any CPU
		{2A92842C-72F4-4F8D-8174-EA8116FFE63C}.Debug|Any CPU.Build.0 = Debug|Any CPU
		{2A92842C-72F4-4F8D-8174-EA8116FFE63C}.Release|Any CPU.ActiveCfg = Release|Any CPU
		{2A92842C-72F4-4F8D-8174-EA8116FFE63C}.Release|Any CPU.Build.0 = Release|Any CPU
		{ED3690FF-716F-4ADF-A594-6BDDC30E9838}.Debug|Any CPU.ActiveCfg = Debug|Any CPU
		{ED3690FF-716F-4ADF-A594-6BDDC30E9838}.Debug|Any CPU.Build.0 = Debug|Any CPU
		{ED3690FF-716F-4ADF-A594-6BDDC30E9838}.Release|Any CPU.ActiveCfg = Release|Any CPU
		{ED3690FF-716F-4ADF-A594-6BDDC30E9838}.Release|Any CPU.Build.0 = Release|Any CPU
	EndGlobalSection
	GlobalSection(MonoDevelopProperties) = preSolution
		StartupItem = SiteWithService\SiteWithService.csproj
	EndGlobalSection
EndGlobal
